dependencies:
- name: postgresql
  repository: https://charts.bitnami.com/bitnami
  version: 11.9.1
- name: rabbitmq
  repository: https://charts.bitnami.com/bitnami
  version: 10.3.5
- name: postgresql-ha
  repository: https://charts.bitnami.com/bitnami
  version: 11.7.5
digest: sha256:0c17a9138f7d81b1e12423bb6b49af3e212bc3115e87bf5aa9b80e348eb43dc5
generated: "2023-06-19T17:24:59.183651+03:00"
