dependencies:
- name: postgresql
  repository: https://charts.bitnami.com/bitnami
  version: 11.9.1
- name: rabbitmq
  repository: https://charts.bitnami.com/bitnami
  version: 10.3.5
digest: sha256:892fe093dc3aae8e19b8ec86753055493614bdf7557f09acdc5fa4ac77768d63
generated: "2023-04-06T14:36:40.465064+03:00"
