dependencies:
- name: postgresql
  repository: https://charts.bitnami.com/bitnami
  version: 16.7.26
- name: rabbitmq
  repository: https://charts.bitnami.com/bitnami
  version: 16.0.13
- name: postgresql-ha
  repository: https://charts.bitnami.com/bitnami
  version: 16.2.2
digest: sha256:a64a0735a3f0129b279fe2eae1d0bc673dcffecfb174b98323eaf8f2c4c68a35
generated: "2025-08-18T15:38:25.65318+03:00"
