dependencies:
- name: postgresql
  repository: https://kubernetes-charts.storage.googleapis.com/
  version: 6.5.0
- name: redis
  repository: https://kubernetes-charts.storage.googleapis.com/
  version: 9.3.2
digest: sha256:04039fb122855fc8c80072609becbfd6fa5af878c481e9b4c4642a8dfabc1863
generated: "2020-01-31T02:31:20.822185633+03:00"
