dependencies:
- name: postgresql
  repository: https://charts.bitnami.com/bitnami
  version: 9.8.2
- name: postgresql-ha
  repository: https://charts.bitnami.com/bitnami
  version: 3.9.0
digest: sha256:37afd9e8250e20642b9b663a73c33e2a52cb863ffd79b4984e355f644b964ae2
generated: "2020-10-06T14:49:46.4268752+03:00"
