dependencies:
- name: postgresql
  repository: https://kubernetes-charts.storage.googleapis.com/
  version: 6.5.0
- name: redis
  repository: https://kubernetes-charts.storage.googleapis.com/
  version: 9.3.2
- name: minio
  repository: https://kubernetes-charts.storage.googleapis.com/
  version: 5.0.30
digest: sha256:021b2688f49eff0a78d1ef2d84fdcc1d13f247701c68ae3d412ab7dfc6adfcb7
generated: "2020-07-07T18:19:49.751840386+03:00"
